{
  "name": "E-Commerce",
  "lockfileVersion": 3,
  "requires": true,
  "packages": {
    "": {
      "dependencies": {
        "faker": "^6.6.6",
        "lucide-react": "^1.16.0",
        "zustand": "^5.0.13"
      }
    },
    "node_modules/faker": {
      "version": "6.6.6",
      "resolved": "https://registry.npmjs.org/faker/-/faker-6.6.6.tgz",
      "integrity": "sha512-9tCqYEDHI5RYFQigXFwF1hnCwcWCOJl/hmll0lr5D2Ljjb0o4wphb69wikeJDz5qCEzXCoPvG6ss5SDP6IfOdg==",
      "license": "MIT"
    },
    "node_modules/lucide-react": {
      "version": "1.16.0",
      "resolved": "https://registry.npmjs.org/lucide-react/-/lucide-react-1.16.0.tgz",
      "integrity": "sha512-dYwyPzb4MEKpGUmNYk3WKWPnMrHs3FKM+q94kAnJrcDIqqn1hq2xY8scaS2ovsOCM5D51ey2gaRG3PBb1vgoYQ==",
      "license": "ISC",
      "peerDependencies": {
        "react": "^16.5.1 || ^17.0.0 || ^18.0.0 || ^19.0.0"
      }
    },
    "node_modules/react": {
      "version": "19.2.6",
      "resolved": "https://registry.npmjs.org/react/-/react-19.2.6.tgz",
      "integrity": "sha512-sfWGGfavi0xr8Pg0sVsyHMAOziVYKgPLNrS7ig+ivMNb3wbCBw3KxtflsGBAwD3gYQlE/AEZsTLgToRrSCjb0Q==",
      "license": "MIT",
      "peer": true,
      "engines": {
        "node": ">=0.10.0"
      }
    },
    "node_modules/zustand": {
      "version": "5.0.13",
      "resolved": "https://registry.npmjs.org/zustand/-/zustand-5.0.13.tgz",
      "integrity": "sha512-efI2tVaVQPqtOh114loML/Z80Y4NP3yc+Ff0fYiZJPauNeWZeIp/bRFD7I9bfmCOYBh/PHxlglQ9+wvlwnPikQ==",
      "license": "MIT",
      "engines": {
        "node": ">=12.20.0"
      },
      "peerDependencies": {
        "@types/react": ">=18.0.0",
        "immer": ">=9.0.6",
        "react": ">=18.0.0",
        "use-sync-external-store": ">=1.2.0"
      },
      "peerDependenciesMeta": {
        "@types/react": {
          "optional": true
        },
        "immer": {
          "optional": true
        },
        "react": {
          "optional": true
        },
        "use-sync-external-store": {
          "optional": true
        }
      }
    }
  }
}
